
Microsoft Visual Studio Solution File, Format Version 12.00
# Visual Studio 15
VisualStudioVersion = 15.0.28307.960
MinimumVisualStudioVersion = 10.0.40219.1
Project("{8BC9CEB8-8B4A-11D0-8D11-00A0C91BC942}") = "C_single", "C_single.vcxproj", "{27D9EC3A-993C-40D5-8BE3-CB0F23529651}"
EndProject
Project("{8BC9CEB8-8B4A-11D0-8D11-00A0C91BC942}") = "C_multi", "..\C_multi\C_multi.vcxproj", "{6F404279-ED3E-40EF-8976-90C61BA1E8C4}"
EndProject
Global
	GlobalSection(SolutionConfigurationPlatforms) = preSolution
		Debug|x64 = Debug|x64
		Debug|x86 = Debug|x86
		Release|x64 = Release|x64
		Release|x86 = Release|x86
	EndGlobalSection
	GlobalSection(ProjectConfigurationPlatforms) = postSolution
		{27D9EC3A-993C-40D5-8BE3-CB0F23529651}.Debug|x64.ActiveCfg = Debug|x64
		{27D9EC3A-993C-40D5-8BE3-CB0F23529651}.Debug|x64.Build.0 = Debug|x64
		{27D9EC3A-993C-40D5-8BE3-CB0F23529651}.Debug|x86.ActiveCfg = Debug|Win32
		{27D9EC3A-993C-40D5-8BE3-CB0F23529651}.Debug|x86.Build.0 = Debug|Win32
		{27D9EC3A-993C-40D5-8BE3-CB0F23529651}.Release|x64.ActiveCfg = Release|x64
		{27D9EC3A-993C-40D5-8BE3-CB0F23529651}.Release|x64.Build.0 = Release|x64
		{27D9EC3A-993C-40D5-8BE3-CB0F23529651}.Release|x86.ActiveCfg = Release|Win32
		{27D9EC3A-993C-40D5-8BE3-CB0F23529651}.Release|x86.Build.0 = Release|Win32
		{6F404279-ED3E-40EF-8976-90C61BA1E8C4}.Debug|x64.ActiveCfg = Debug|x64
		{6F404279-ED3E-40EF-8976-90C61BA1E8C4}.Debug|x64.Build.0 = Debug|x64
		{6F404279-ED3E-40EF-8976-90C61BA1E8C4}.Debug|x86.ActiveCfg = Debug|Win32
		{6F404279-ED3E-40EF-8976-90C61BA1E8C4}.Debug|x86.Build.0 = Debug|Win32
		{6F404279-ED3E-40EF-8976-90C61BA1E8C4}.Release|x64.ActiveCfg = Release|x64
		{6F404279-ED3E-40EF-8976-90C61BA1E8C4}.Release|x64.Build.0 = Release|x64
		{6F404279-ED3E-40EF-8976-90C61BA1E8C4}.Release|x86.ActiveCfg = Release|Win32
		{6F404279-ED3E-40EF-8976-90C61BA1E8C4}.Release|x86.Build.0 = Release|Win32
	EndGlobalSection
	GlobalSection(SolutionProperties) = preSolution
		HideSolutionNode = FALSE
	EndGlobalSection
	GlobalSection(ExtensibilityGlobals) = postSolution
		SolutionGuid = {2410A39F-7566-426B-9BF5-8AC8070938C2}
	EndGlobalSection
EndGlobal
